DEPENDENCIES

  ae-windows-base
    path: ../ae-windows-base-chef
  ae-windows-base-sqlserver
    path: .
    metadata: true

GRAPH
  ae-windows-base (0.1.1)
    chocolatey (>= 0.0.0)
    iis (>= 0.0.0)
    powershell (>= 0.0.0)
    windows (>= 0.0.0)
    windows-hardening (>= 0.0.0)
    wsus-client (>= 0.0.0)
  ae-windows-base-sqlserver (0.0.1)
  chocolatey (1.2.1)
    windows (>= 1.38)
  iis (6.8.0)
    windows (>= 2.0)
  ms_dotnet (4.0.1)
    windows (>= 2.1.0)
  ohai (5.2.0)
  powershell (6.1.1)
    ms_dotnet (>= 3.2.1)
    windows (>= 3.0)
  windows (3.4.0)
    ohai (>= 4.0.0)
  windows-hardening (0.9.0)
    windows-security-policy (>= 0.0.0)
  windows-security-policy (0.3.7)
  wsus-client (2.0.0)
